
Microsoft Visual Studio Solution File, Format Version 12.00
# Visual Studio Version 17
VisualStudioVersion = 17.7.34018.315
MinimumVisualStudioVersion = 10.0.40219.1
Project("{FAE04EC0-301F-11D3-BF4B-00C04F79EFBC}") = "CapaAdministrador", "CapaAdministrador\CapaAdministrador.csproj", "{342CABAB-48D5-44CF-88A8-59B400FDB3D5}"
EndProject
Project("{FAE04EC0-301F-11D3-BF4B-00C04F79EFBC}") = "CapaTienda", "CapaTienda\CapaTienda.csproj", "{1FFC5501-246C-457C-97C7-754E0D6B1D30}"
EndProject
Project("{FAE04EC0-301F-11D3-BF4B-00C04F79EFBC}") = "CapaEntidad", "CapaEntidad\CapaEntidad.csproj", "{FFF5B27C-2DB5-42BD-8EB1-6C9A462353F8}"
EndProject
Project("{FAE04EC0-301F-11D3-BF4B-00C04F79EFBC}") = "CapaNegocio", "CapaNegocio\CapaNegocio.csproj", "{9CE63824-096D-480F-AF72-47D6BE333518}"
EndProject
Project("{FAE04EC0-301F-11D3-BF4B-00C04F79EFBC}") = "CapaDatos", "CapaDatos\CapaDatos.csproj", "{63C765F9-8917-4D5B-B7CC-F9E78AAEE2D4}"
EndProject
Global
	GlobalSection(SolutionConfigurationPlatforms) = preSolution
		Debug|Any CPU = Debug|Any CPU
		Release|Any CPU = Release|Any CPU
	EndGlobalSection
	GlobalSection(ProjectConfigurationPlatforms) = postSolution
		{342CABAB-48D5-44CF-88A8-59B400FDB3D5}.Debug|Any CPU.ActiveCfg = Debug|Any CPU
		{342CABAB-48D5-44CF-88A8-59B400FDB3D5}.Debug|Any CPU.Build.0 = Debug|Any CPU
		{342CABAB-48D5-44CF-88A8-59B400FDB3D5}.Release|Any CPU.ActiveCfg = Release|Any CPU
		{342CABAB-48D5-44CF-88A8-59B400FDB3D5}.Release|Any CPU.Build.0 = Release|Any CPU
		{1FFC5501-246C-457C-97C7-754E0D6B1D30}.Debug|Any CPU.ActiveCfg = Debug|Any CPU
		{1FFC5501-246C-457C-97C7-754E0D6B1D30}.Debug|Any CPU.Build.0 = Debug|Any CPU
		{1FFC5501-246C-457C-97C7-754E0D6B1D30}.Release|Any CPU.ActiveCfg = Release|Any CPU
		{1FFC5501-246C-457C-97C7-754E0D6B1D30}.Release|Any CPU.Build.0 = Release|Any CPU
		{FFF5B27C-2DB5-42BD-8EB1-6C9A462353F8}.Debug|Any CPU.ActiveCfg = Debug|Any CPU
		{FFF5B27C-2DB5-42BD-8EB1-6C9A462353F8}.Debug|Any CPU.Build.0 = Debug|Any CPU
		{FFF5B27C-2DB5-42BD-8EB1-6C9A462353F8}.Release|Any CPU.ActiveCfg = Release|Any CPU
		{FFF5B27C-2DB5-42BD-8EB1-6C9A462353F8}.Release|Any CPU.Build.0 = Release|Any CPU
		{9CE63824-096D-480F-AF72-47D6BE333518}.Debug|Any CPU.ActiveCfg = Debug|Any CPU
		{9CE63824-096D-480F-AF72-47D6BE333518}.Debug|Any CPU.Build.0 = Debug|Any CPU
		{9CE63824-096D-480F-AF72-47D6BE333518}.Release|Any CPU.ActiveCfg = Release|Any CPU
		{9CE63824-096D-480F-AF72-47D6BE333518}.Release|Any CPU.Build.0 = Release|Any CPU
		{63C765F9-8917-4D5B-B7CC-F9E78AAEE2D4}.Debug|Any CPU.ActiveCfg = Debug|Any CPU
		{63C765F9-8917-4D5B-B7CC-F9E78AAEE2D4}.Debug|Any CPU.Build.0 = Debug|Any CPU
		{63C765F9-8917-4D5B-B7CC-F9E78AAEE2D4}.Release|Any CPU.ActiveCfg = Release|Any CPU
		{63C765F9-8917-4D5B-B7CC-F9E78AAEE2D4}.Release|Any CPU.Build.0 = Release|Any CPU
	EndGlobalSection
	GlobalSection(SolutionProperties) = preSolution
		HideSolutionNode = FALSE
	EndGlobalSection
	GlobalSection(ExtensibilityGlobals) = postSolution
		SolutionGuid = {5CD85680-0403-4DC1-8B66-32FD820726D8}
	EndGlobalSection
EndGlobal
